
Microsoft Visual Studio Solution File, Format Version 12.00
# Visual Studio 2012
Project("{FAE04EC0-301F-11D3-BF4B-00C04F79EFBC}") = "tasky", "tasky\tasky.csproj", "{45F55135-6826-42D5-ADD7-1DC202029E51}"
EndProject
Global
	GlobalSection(SolutionConfigurationPlatforms) = preSolution
		Debug|Any CPU = Debug|Any CPU
		Release|Any CPU = Release|Any CPU
	EndGlobalSection
	GlobalSection(ProjectConfigurationPlatforms) = postSolution
		{45F55135-6826-42D5-ADD7-1DC202029E51}.Debug|Any CPU.ActiveCfg = Debug|Any CPU
		{45F55135-6826-42D5-ADD7-1DC202029E51}.Debug|Any CPU.Build.0 = Debug|Any CPU
		{45F55135-6826-42D5-ADD7-1DC202029E51}.Release|Any CPU.ActiveCfg = Release|Any CPU
		{45F55135-6826-42D5-ADD7-1DC202029E51}.Release|Any CPU.Build.0 = Release|Any CPU
	EndGlobalSection
	GlobalSection(SolutionProperties) = preSolution
		HideSolutionNode = FALSE
	EndGlobalSection
EndGlobal
